
Microsoft Visual Studio Solution File, Format Version 12.00
# Visual Studio Version 17
VisualStudioVersion = 17.9.34622.214
MinimumVisualStudioVersion = 10.0.40219.1
Project("{FAE04EC0-301F-11D3-BF4B-00C04F79EFBC}") = "QuadTree.Lib", "QuadTree.Lib\QuadTree.Lib.csproj", "{8108FD9E-6C2F-43C4-A929-43EF3A41CFB6}"
EndProject
Global
	GlobalSection(SolutionConfigurationPlatforms) = preSolution
		Debug|Any CPU = Debug|Any CPU
		Release|Any CPU = Release|Any CPU
	EndGlobalSection
	GlobalSection(ProjectConfigurationPlatforms) = postSolution
		{8108FD9E-6C2F-43C4-A929-43EF3A41CFB6}.Debug|Any CPU.ActiveCfg = Debug|Any CPU
		{8108FD9E-6C2F-43C4-A929-43EF3A41CFB6}.Debug|Any CPU.Build.0 = Debug|Any CPU
		{8108FD9E-6C2F-43C4-A929-43EF3A41CFB6}.Release|Any CPU.ActiveCfg = Release|Any CPU
		{8108FD9E-6C2F-43C4-A929-43EF3A41CFB6}.Release|Any CPU.Build.0 = Release|Any CPU
	EndGlobalSection
	GlobalSection(SolutionProperties) = preSolution
		HideSolutionNode = FALSE
	EndGlobalSection
	GlobalSection(ExtensibilityGlobals) = postSolution
		SolutionGuid = {5213BE02-D308-4D80-AA78-666CD4468DAF}
	EndGlobalSection
EndGlobal
